// !$*UTF8*$!
{
	archiveVersion = 1;
	classes = {
	};
	objectVersion = 55;
	objects = {

/* Begin PBXBuildFile section */
		20FC4D2D15AEEF3CA43FCE64 /* Pods_ITMO_Students_Raiting.framework in Frameworks */ = {isa = PBXBuildFile; fileRef = F621755D111256F92AF46308 /* Pods_ITMO_Students_Raiting.framework */; };
		D31B4BC927ABE3480051A227 /* ITMO_Students_RaitingApp.swift in Sources */ = {isa = PBXBuildFile; fileRef = D31B4BC827ABE3480051A227 /* ITMO_Students_RaitingApp.swift */; };
		D31B4BCB27ABE3480051A227 /* ContentView.swift in Sources */ = {isa = PBXBuildFile; fileRef = D31B4BCA27ABE3480051A227 /* ContentView.swift */; };
		D31B4BCD27ABE34A0051A227 /* Assets.xcassets in Resources */ = {isa = PBXBuildFile; fileRef = D31B4BCC27ABE34A0051A227 /* Assets.xcassets */; };
		D31B4BD027ABE34A0051A227 /* Preview Assets.xcassets in Resources */ = {isa = PBXBuildFile; fileRef = D31B4BCF27ABE34A0051A227 /* Preview Assets.xcassets */; };
/* End PBXBuildFile section */

/* Begin PBXFileReference section */
		03D5CCA314FC8BC951A75D42 /* Pods-ITMO Students Raiting.debug.xcconfig */ = {isa = PBXFileReference; includeInIndex = 1; lastKnownFileType = text.xcconfig; name = "Pods-ITMO Students Raiting.debug.xcconfig"; path = "Target Support Files/Pods-ITMO Students Raiting/Pods-ITMO Students Raiting.debug.xcconfig"; sourceTree = "<group>"; };
		0B60BF00BE2B628136CA19C4 /* Pods-ITMO Students Raiting.release.xcconfig */ = {isa = PBXFileReference; includeInIndex = 1; lastKnownFileType = text.xcconfig; name = "Pods-ITMO Students Raiting.release.xcconfig"; path = "Target Support Files/Pods-ITMO Students Raiting/Pods-ITMO Students Raiting.release.xcconfig"; sourceTree = "<group>"; };
		D31B4BC527ABE3480051A227 /* ITMO Students Raiting.app */ = {isa = PBXFileReference; explicitFileType = wrapper.application; includeInIndex = 0; path = "ITMO Students Raiting.app"; sourceTree = BUILT_PRODUCTS_DIR; };
		D31B4BC827ABE3480051A227 /* ITMO_Students_RaitingApp.swift */ = {isa = PBXFileReference; lastKnownFileType = sourcecode.swift; path = ITMO_Students_RaitingApp.swift; sourceTree = "<group>"; };
		D31B4BCA27ABE3480051A227 /* ContentView.swift */ = {isa = PBXFileReference; lastKnownFileType = sourcecode.swift; path = ContentView.swift; sourceTree = "<group>"; };
		D31B4BCC27ABE34A0051A227 /* Assets.xcassets */ = {isa = PBXFileReference; lastKnownFileType = folder.assetcatalog; path = Assets.xcassets; sourceTree = "<group>"; };
		D31B4BCF27ABE34A0051A227 /* Preview Assets.xcassets */ = {isa = PBXFileReference; lastKnownFileType = folder.assetcatalog; path = "Preview Assets.xcassets"; sourceTree = "<group>"; };
		F621755D111256F92AF46308 /* Pods_ITMO_Students_Raiting.framework */ = {isa = PBXFileReference; explicitFileType = wrapper.framework; includeInIndex = 0; path = Pods_ITMO_Students_Raiting.framework; sourceTree = BUILT_PRODUCTS_DIR; };
/* End PBXFileReference section */

/* Begin PBXFrameworksBuildPhase section */
		D31B4BC227ABE3480051A227 /* Frameworks */ = {
			isa = PBXFrameworksBuildPhase;
			buildActionMask = 2147483647;
			files = (
				20FC4D2D15AEEF3CA43FCE64 /* Pods_ITMO_Students_Raiting.framework in Frameworks */,
			);
			runOnlyForDeploymentPostprocessing = 0;
		};
/* End PBXFrameworksBuildPhase section */

/* Begin PBXGroup section */
		5797A8BDF13DB89EC6CD11BF /* Frameworks */ = {
			isa = PBXGroup;
			children = (
				F621755D111256F92AF46308 /* Pods_ITMO_Students_Raiting.framework */,
			);
			name = Frameworks;
			sourceTree = "<group>";
		};
		68DC0D2A859B7E8EC4658089 /* Pods */ = {
			isa = PBXGroup;
			children = (
				03D5CCA314FC8BC951A75D42 /* Pods-ITMO Students Raiting.debug.xcconfig */,
				0B60BF00BE2B628136CA19C4 /* Pods-ITMO Students Raiting.release.xcconfig */,
			);
			name = Pods;
			path = Pods;
			sourceTree = "<group>";
		};
		D31B4BBC27ABE3480051A227 = {
			isa = PBXGroup;
			children = (
				D31B4BC727ABE3480051A227 /* ITMO Students Raiting */,
				D31B4BC627ABE3480051A227 /* Products */,
				68DC0D2A859B7E8EC4658089 /* Pods */,
				5797A8BDF13DB89EC6CD11BF /* Frameworks */,
			);
			sourceTree = "<group>";
		};
		D31B4BC627ABE3480051A227 /* Products */ = {
			isa = PBXGroup;
			children = (
				D31B4BC527ABE3480051A227 /* ITMO Students Raiting.app */,
			);
			name = Products;
			sourceTree = "<group>";
		};
		D31B4BC727ABE3480051A227 /* ITMO Students Raiting */ = {
			isa = PBXGroup;
			children = (
				D31B4BD627ABEB420051A227 /* App */,
				D31B4BD927ABEB5F0051A227 /* Struct */,
				D31B4BDA27ABEB670051A227 /* View */,
				D31B4BDB27ABEB6D0051A227 /* ViewModel */,
				D31B4BCE27ABE34A0051A227 /* Preview Content */,
			);
			path = "ITMO Students Raiting";
			sourceTree = "<group>";
		};
		D31B4BCE27ABE34A0051A227 /* Preview Content */ = {
			isa = PBXGroup;
			children = (
				D31B4BCF27ABE34A0051A227 /* Preview Assets.xcassets */,
			);
			path = "Preview Content";
			sourceTree = "<group>";
		};
		D31B4BD627ABEB420051A227 /* App */ = {
			isa = PBXGroup;
			children = (
				D31B4BCC27ABE34A0051A227 /* Assets.xcassets */,
				D31B4BC827ABE3480051A227 /* ITMO_Students_RaitingApp.swift */,
			);
			path = App;
			sourceTree = "<group>";
		};
		D31B4BD927ABEB5F0051A227 /* Struct */ = {
			isa = PBXGroup;
			children = (
			);
			path = Struct;
			sourceTree = "<group>";
		};
		D31B4BDA27ABEB670051A227 /* View */ = {
			isa = PBXGroup;
			children = (
				D31B4BCA27ABE3480051A227 /* ContentView.swift */,
			);
			path = View;
			sourceTree = "<group>";
		};
		D31B4BDB27ABEB6D0051A227 /* ViewModel */ = {
			isa = PBXGroup;
			children = (
			);
			path = ViewModel;
			sourceTree = "<group>";
		};
/* End PBXGroup section */

/* Begin PBXNativeTarget section */
		D31B4BC427ABE3480051A227 /* ITMO Students Raiting */ = {
			isa = PBXNativeTarget;
			buildConfigurationList = D31B4BD327ABE34A0051A227 /* Build configuration list for PBXNativeTarget "ITMO Students Raiting" */;
			buildPhases = (
				05A24A71BCA7245D0DE7C9E8 /* [CP] Check Pods Manifest.lock */,
				D31B4BC127ABE3480051A227 /* Sources */,
				D31B4BC227ABE3480051A227 /* Frameworks */,
				D31B4BC327ABE3480051A227 /* Resources */,
				937C072C36D288E5C5F31535 /* [CP] Embed Pods Frameworks */,
			);
			buildRules = (
			);
			dependencies = (
			);
			name = "ITMO Students Raiting";
			productName = "ITMO Students Raiting";
			productReference = D31B4BC527ABE3480051A227 /* ITMO Students Raiting.app */;
			productType = "com.apple.product-type.application";
		};
/* End PBXNativeTarget section */

/* Begin PBXProject section */
		D31B4BBD27ABE3480051A227 /* Project object */ = {
			isa = PBXProject;
			attributes = {
				BuildIndependentTargetsInParallel = 1;
				LastSwiftUpdateCheck = 1320;
				LastUpgradeCheck = 1320;
				TargetAttributes = {
					D31B4BC427ABE3480051A227 = {
						CreatedOnToolsVersion = 13.2.1;
					};
				};
			};
			buildConfigurationList = D31B4BC027ABE3480051A227 /* Build configuration list for PBXProject "ITMO Students Raiting" */;
			compatibilityVersion = "Xcode 13.0";
			developmentRegion = en;
			hasScannedForEncodings = 0;
			knownRegions = (
				en,
				Base,
				ru,
			);
			mainGroup = D31B4BBC27ABE3480051A227;
			productRefGroup = D31B4BC627ABE3480051A227 /* Products */;
			projectDirPath = "";
			projectRoot = "";
			targets = (
				D31B4BC427ABE3480051A227 /* ITMO Students Raiting */,
			);
		};
/* End PBXProject section */

/* Begin PBXResourcesBuildPhase section */
		D31B4BC327ABE3480051A227 /* Resources */ = {
			isa = PBXResourcesBuildPhase;
			buildActionMask = 2147483647;
			files = (
				D31B4BD027ABE34A0051A227 /* Preview Assets.xcassets in Resources */,
				D31B4BCD27ABE34A0051A227 /* Assets.xcassets in Resources */,
			);
			runOnlyForDeploymentPostprocessing = 0;
		};
/* End PBXResourcesBuildPhase section */

/* Begin PBXShellScriptBuildPhase section */
		05A24A71BCA7245D0DE7C9E8 /* [CP] Check Pods Manifest.lock */ = {
			isa = PBXShellScriptBuildPhase;
			buildActionMask = 2147483647;
			files = (
			);
			inputFileListPaths = (
			);
			inputPaths = (
				"${PODS_PODFILE_DIR_PATH}/Podfile.lock",
				"${PODS_ROOT}/Manifest.lock",
			);
			name = "[CP] Check Pods Manifest.lock";
			outputFileListPaths = (
			);
			outputPaths = (
				"$(DERIVED_FILE_DIR)/Pods-ITMO Students Raiting-checkManifestLockResult.txt",
			);
			runOnlyForDeploymentPostprocessing = 0;
			shellPath = /bin/sh;
			shellScript = "diff \"${PODS_PODFILE_DIR_PATH}/Podfile.lock\" \"${PODS_ROOT}/Manifest.lock\" > /dev/null\nif [ $? != 0 ] ; then\n    # print error to STDERR\n    echo \"error: The sandbox is not in sync with the Podfile.lock. Run 'pod install' or update your CocoaPods installation.\" >&2\n    exit 1\nfi\n# This output is used by Xcode 'outputs' to avoid re-running this script phase.\necho \"SUCCESS\" > \"${SCRIPT_OUTPUT_FILE_0}\"\n";
			showEnvVarsInLog = 0;
		};
		937C072C36D288E5C5F31535 /* [CP] Embed Pods Frameworks */ = {
			isa = PBXShellScriptBuildPhase;
			buildActionMask = 2147483647;
			files = (
			);
			inputFileListPaths = (
				"${PODS_ROOT}/Target Support Files/Pods-ITMO Students Raiting/Pods-ITMO Students Raiting-frameworks-${CONFIGURATION}-input-files.xcfilelist",
			);
			name = "[CP] Embed Pods Frameworks";
			outputFileListPaths = (
				"${PODS_ROOT}/Target Support Files/Pods-ITMO Students Raiting/Pods-ITMO Students Raiting-frameworks-${CONFIGURATION}-output-files.xcfilelist",
			);
			runOnlyForDeploymentPostprocessing = 0;
			shellPath = /bin/sh;
			shellScript = "\"${PODS_ROOT}/Target Support Files/Pods-ITMO Students Raiting/Pods-ITMO Students Raiting-frameworks.sh\"\n";
			showEnvVarsInLog = 0;
		};
/* End PBXShellScriptBuildPhase section */

/* Begin PBXSourcesBuildPhase section */
		D31B4BC127ABE3480051A227 /* Sources */ = {
			isa = PBXSourcesBuildPhase;
			buildActionMask = 2147483647;
			files = (
				D31B4BCB27ABE3480051A227 /* ContentView.swift in Sources */,
				D31B4BC927ABE3480051A227 /* ITMO_Students_RaitingApp.swift in Sources */,
			);
			runOnlyForDeploymentPostprocessing = 0;
		};
/* End PBXSourcesBuildPhase section */

/* Begin XCBuildConfiguration section */
		D31B4BD127ABE34A0051A227 /* Debug */ = {
			isa = XCBuildConfiguration;
			buildSettings = {
				ALWAYS_SEARCH_USER_PATHS = NO;
				CLANG_ANALYZER_NONNULL = YES;
				CLANG_ANALYZER_NUMBER_OBJECT_CONVERSION = YES_AGGRESSIVE;
				CLANG_CXX_LANGUAGE_STANDARD = "gnu++17";
				CLANG_CXX_LIBRARY = "libc++";
				CLANG_ENABLE_MODULES = YES;
				CLANG_ENABLE_OBJC_ARC = YES;
				CLANG_ENABLE_OBJC_WEAK = YES;
				CLANG_WARN_BLOCK_CAPTURE_AUTORELEASING = YES;
				CLANG_WARN_BOOL_CONVERSION = YES;
				CLANG_WARN_COMMA = YES;
				CLANG_WARN_CONSTANT_CONVERSION = YES;
				CLANG_WARN_DEPRECATED_OBJC_IMPLEMENTATIONS = YES;
				CLANG_WARN_DIRECT_OBJC_ISA_USAGE = YES_ERROR;
				CLANG_WARN_DOCUMENTATION_COMMENTS = YES;
				CLANG_WARN_EMPTY_BODY = YES;
				CLANG_WARN_ENUM_CONVERSION = YES;
				CLANG_WARN_INFINITE_RECURSION = YES;
				CLANG_WARN_INT_CONVERSION = YES;
				CLANG_WARN_NON_LITERAL_NULL_CONVERSION = YES;
				CLANG_WARN_OBJC_IMPLICIT_RETAIN_SELF = YES;
				CLANG_WARN_OBJC_LITERAL_CONVERSION = YES;
				CLANG_WARN_OBJC_ROOT_CLASS = YES_ERROR;
				CLANG_WARN_QUOTED_INCLUDE_IN_FRAMEWORK_HEADER = YES;
				CLANG_WARN_RANGE_LOOP_ANALYSIS = YES;
				CLANG_WARN_STRICT_PROTOTYPES = YES;
				CLANG_WARN_SUSPICIOUS_MOVE = YES;
				CLANG_WARN_UNGUARDED_AVAILABILITY = YES_AGGRESSIVE;
				CLANG_WARN_UNREACHABLE_CODE = YES;
				CLANG_WARN__DUPLICATE_METHOD_MATCH = YES;
				COPY_PHASE_STRIP = NO;
				DEBUG_INFORMATION_FORMAT = dwarf;
				ENABLE_STRICT_OBJC_MSGSEND = YES;
				ENABLE_TESTABILITY = YES;
				GCC_C_LANGUAGE_STANDARD = gnu11;
				GCC_DYNAMIC_NO_PIC = NO;
				GCC_NO_COMMON_BLOCKS = YES;
				GCC_OPTIMIZATION_LEVEL = 0;
				GCC_PREPROCESSOR_DEFINITIONS = (
					"DEBUG=1",
					"$(inherited)",
				);
				GCC_WARN_64_TO_32_BIT_CONVERSION = YES;
				GCC_WARN_ABOUT_RETURN_TYPE = YES_ERROR;
				GCC_WARN_UNDECLARED_SELECTOR = YES;
				GCC_WARN_UNINITIALIZED_AUTOS = YES_AGGRESSIVE;
				GCC_WARN_UNUSED_FUNCTION = YES;
				GCC_WARN_UNUSED_VARIABLE = YES;
				IPHONEOS_DEPLOYMENT_TARGET = 14.2;
				MTL_ENABLE_DEBUG_INFO = INCLUDE_SOURCE;
				MTL_FAST_MATH = YES;
				ONLY_ACTIVE_ARCH = YES;
				SDKROOT = iphoneos;
				SWIFT_ACTIVE_COMPILATION_CONDITIONS = DEBUG;
				SWIFT_OPTIMIZATION_LEVEL = "-Onone";
			};
			name = Debug;
		};
		D31B4BD227ABE34A0051A227 /* Release */ = {
			isa = XCBuildConfiguration;
			buildSettings = {
				ALWAYS_SEARCH_USER_PATHS = NO;
				CLANG_ANALYZER_NONNULL = YES;
				CLANG_ANALYZER_NUMBER_OBJECT_CONVERSION = YES_AGGRESSIVE;
				CLANG_CXX_LANGUAGE_STANDARD = "gnu++17";
				CLANG_CXX_LIBRARY = "libc++";
				CLANG_ENABLE_MODULES = YES;
				CLANG_ENABLE_OBJC_ARC = YES;
				CLANG_ENABLE_OBJC_WEAK = YES;
				CLANG_WARN_BLOCK_CAPTURE_AUTORELEASING = YES;
				CLANG_WARN_BOOL_CONVERSION = YES;
				CLANG_WARN_COMMA = YES;
				CLANG_WARN_CONSTANT_CONVERSION = YES;
				CLANG_WARN_DEPRECATED_OBJC_IMPLEMENTATIONS = YES;
				CLANG_WARN_DIRECT_OBJC_ISA_USAGE = YES_ERROR;
				CLANG_WARN_DOCUMENTATION_COMMENTS = YES;
				CLANG_WARN_EMPTY_BODY = YES;
				CLANG_WARN_ENUM_CONVERSION = YES;
				CLANG_WARN_INFINITE_RECURSION = YES;
				CLANG_WARN_INT_CONVERSION = YES;
				CLANG_WARN_NON_LITERAL_NULL_CONVERSION = YES;
				CLANG_WARN_OBJC_IMPLICIT_RETAIN_SELF = YES;
				CLANG_WARN_OBJC_LITERAL_CONVERSION = YES;
				CLANG_WARN_OBJC_ROOT_CLASS = YES_ERROR;
				CLANG_WARN_QUOTED_INCLUDE_IN_FRAMEWORK_HEADER = YES;
				CLANG_WARN_RANGE_LOOP_ANALYSIS = YES;
				CLANG_WARN_STRICT_PROTOTYPES = YES;
				CLANG_WARN_SUSPICIOUS_MOVE = YES;
				CLANG_WARN_UNGUARDED_AVAILABILITY = YES_AGGRESSIVE;
				CLANG_WARN_UNREACHABLE_CODE = YES;
				CLANG_WARN__DUPLICATE_METHOD_MATCH = YES;
				COPY_PHASE_STRIP = NO;
				DEBUG_INFORMATION_FORMAT = "dwarf-with-dsym";
				ENABLE_NS_ASSERTIONS = NO;
				ENABLE_STRICT_OBJC_MSGSEND = YES;
				GCC_C_LANGUAGE_STANDARD = gnu11;
				GCC_NO_COMMON_BLOCKS = YES;
				GCC_WARN_64_TO_32_BIT_CONVERSION = YES;
				GCC_WARN_ABOUT_RETURN_TYPE = YES_ERROR;
				GCC_WARN_UNDECLARED_SELECTOR = YES;
				GCC_WARN_UNINITIALIZED_AUTOS = YES_AGGRESSIVE;
				GCC_WARN_UNUSED_FUNCTION = YES;
				GCC_WARN_UNUSED_VARIABLE = YES;
				IPHONEOS_DEPLOYMENT_TARGET = 14.2;
				MTL_ENABLE_DEBUG_INFO = NO;
				MTL_FAST_MATH = YES;
				SDKROOT = iphoneos;
				SWIFT_COMPILATION_MODE = wholemodule;
				SWIFT_OPTIMIZATION_LEVEL = "-O";
				VALIDATE_PRODUCT = YES;
			};
			name = Release;
		};
		D31B4BD427ABE34A0051A227 /* Debug */ = {
			isa = XCBuildConfiguration;
			baseConfigurationReference = 03D5CCA314FC8BC951A75D42 /* Pods-ITMO Students Raiting.debug.xcconfig */;
			buildSettings = {
				ASSETCATALOG_COMPILER_APPICON_NAME = AppIcon;
				ASSETCATALOG_COMPILER_GLOBAL_ACCENT_COLOR_NAME = AccentColor;
				CODE_SIGN_STYLE = Automatic;
				CURRENT_PROJECT_VERSION = 1;
				DEVELOPMENT_ASSET_PATHS = "\"ITMO Students Raiting/Preview Content\"";
				DEVELOPMENT_TEAM = M52WLQFE2R;
				ENABLE_PREVIEWS = YES;
				GENERATE_INFOPLIST_FILE = YES;
				INFOPLIST_KEY_UIApplicationSceneManifest_Generation = YES;
				INFOPLIST_KEY_UIApplicationSupportsIndirectInputEvents = YES;
				INFOPLIST_KEY_UILaunchScreen_Generation = YES;
				INFOPLIST_KEY_UISupportedInterfaceOrientations = UIInterfaceOrientationPortrait;
				INFOPLIST_KEY_UISupportedInterfaceOrientations_iPad = "UIInterfaceOrientationPortrait UIInterfaceOrientationPortraitUpsideDown UIInterfaceOrientationLandscapeLeft UIInterfaceOrientationLandscapeRight";
				INFOPLIST_KEY_UISupportedInterfaceOrientations_iPhone = "UIInterfaceOrientationPortrait UIInterfaceOrientationLandscapeLeft UIInterfaceOrientationLandscapeRight";
				IPHONEOS_DEPLOYMENT_TARGET = 14.2;
				LD_RUNPATH_SEARCH_PATHS = (
					"$(inherited)",
					"@executable_path/Frameworks",
				);
				MARKETING_VERSION = 0.1;
				PRODUCT_BUNDLE_IDENTIFIER = "Ilia-Chub.ITMO-Students-Raiting";
				PRODUCT_NAME = "$(TARGET_NAME)";
				SWIFT_EMIT_LOC_STRINGS = YES;
				SWIFT_VERSION = 5.0;
				TARGETED_DEVICE_FAMILY = 1;
			};
			name = Debug;
		};
		D31B4BD527ABE34A0051A227 /* Release */ = {
			isa = XCBuildConfiguration;
			baseConfigurationReference = 0B60BF00BE2B628136CA19C4 /* Pods-ITMO Students Raiting.release.xcconfig */;
			buildSettings = {
				ASSETCATALOG_COMPILER_APPICON_NAME = AppIcon;
				ASSETCATALOG_COMPILER_GLOBAL_ACCENT_COLOR_NAME = AccentColor;
				CODE_SIGN_STYLE = Automatic;
				CURRENT_PROJECT_VERSION = 1;
				DEVELOPMENT_ASSET_PATHS = "\"ITMO Students Raiting/Preview Content\"";
				DEVELOPMENT_TEAM = M52WLQFE2R;
				ENABLE_PREVIEWS = YES;
				GENERATE_INFOPLIST_FILE = YES;
				INFOPLIST_KEY_UIApplicationSceneManifest_Generation = YES;
				INFOPLIST_KEY_UIApplicationSupportsIndirectInputEvents = YES;
				INFOPLIST_KEY_UILaunchScreen_Generation = YES;
				INFOPLIST_KEY_UISupportedInterfaceOrientations = UIInterfaceOrientationPortrait;
				INFOPLIST_KEY_UISupportedInterfaceOrientations_iPad = "UIInterfaceOrientationPortrait UIInterfaceOrientationPortraitUpsideDown UIInterfaceOrientationLandscapeLeft UIInterfaceOrientationLandscapeRight";
				INFOPLIST_KEY_UISupportedInterfaceOrientations_iPhone = "UIInterfaceOrientationPortrait UIInterfaceOrientationLandscapeLeft UIInterfaceOrientationLandscapeRight";
				IPHONEOS_DEPLOYMENT_TARGET = 14.2;
				LD_RUNPATH_SEARCH_PATHS = (
					"$(inherited)",
					"@executable_path/Frameworks",
				);
				MARKETING_VERSION = 0.1;
				PRODUCT_BUNDLE_IDENTIFIER = "Ilia-Chub.ITMO-Students-Raiting";
				PRODUCT_NAME = "$(TARGET_NAME)";
				SWIFT_EMIT_LOC_STRINGS = YES;
				SWIFT_VERSION = 5.0;
				TARGETED_DEVICE_FAMILY = 1;
			};
			name = Release;
		};
/* End XCBuildConfiguration section */

/* Begin XCConfigurationList section */
		D31B4BC027ABE3480051A227 /* Build configuration list for PBXProject "ITMO Students Raiting" */ = {
			isa = XCConfigurationList;
			buildConfigurations = (
				D31B4BD127ABE34A0051A227 /* Debug */,
				D31B4BD227ABE34A0051A227 /* Release */,
			);
			defaultConfigurationIsVisible = 0;
			defaultConfigurationName = Release;
		};
		D31B4BD327ABE34A0051A227 /* Build configuration list for PBXNativeTarget "ITMO Students Raiting" */ = {
			isa = XCConfigurationList;
			buildConfigurations = (
				D31B4BD427ABE34A0051A227 /* Debug */,
				D31B4BD527ABE34A0051A227 /* Release */,
			);
			defaultConfigurationIsVisible = 0;
			defaultConfigurationName = Release;
		};
/* End XCConfigurationList section */
	};
	rootObject = D31B4BBD27ABE3480051A227 /* Project object */;
}
